<?xml version="1.0" encoding="UTF-8" standalone="yes" ?>
<CodeBlocks_project_file>
	<FileVersion major="1" minor="6" />
	<Project>
		<Option title="CG_Trab1" />
		<Option pch_mode="2" />
		<Option compiler="gcc" />
		<Build>
			<Target title="Debug">
				<Option output="bin\Debug\CG_Trab1" prefix_auto="1" extension_auto="1" />
				<Option object_output="obj\Debug\" />
				<Option type="1" />
				<Option compiler="gcc" />
				<Compiler>
					<Add option="-g" />
				</Compiler>
			</Target>
			<Target title="Release">
				<Option output="bin\Release\CG_Trab1" prefix_auto="1" extension_auto="1" />
				<Option object_output="obj\Release\" />
				<Option type="0" />
				<Option compiler="gcc" />
				<Compiler>
					<Add option="-O2" />
				</Compiler>
				<Linker>
					<Add option="-s" />
				</Linker>
			</Target>
		</Build>
		<Compiler>
			<Add option="-Wall" />
		</Compiler>
		<Linker>
			<Add library="URGE" />
			<Add library="glee" />
			<Add library="URGEext" />
		</Linker>
		<Unit filename="logs\log.log" />
		<Unit filename="shader_bin\blr.shd" />
		<Unit filename="shader_bin\bph.shd" />
		<Unit filename="shader_bin\cel.shd" />
		<Unit filename="shader_bin\dge.shd" />
		<Unit filename="shader_bin\dld.shd" />
		<Unit filename="shader_bin\dlp.shd" />
		<Unit filename="shader_bin\dls.shd" />
		<Unit filename="shader_bin\gou.shd" />
		<Unit filename="shader_bin\ocd.shd" />
		<Unit filename="shader_bin\ocf.shd" />
		<Unit filename="shader_bin\pho.shd" />
		<Unit filename="src\Cartucho.cpp" />
		<Unit filename="src\Constantes.h" />
		<Unit filename="src\Kamehameha.cpp" />
		<Unit filename="src\MachineGun.cpp" />
		<Unit filename="src\Municao.cpp" />
		<Unit filename="src\Obstaculos.cpp" />
		<Unit filename="src\Obstaculos.h" />
		<Unit filename="src\Player.cpp" />
		<Unit filename="src\Player.h" />
		<Unit filename="src\Score.cpp" />
		<Unit filename="src\SpawnPoint.cpp" />
		<Unit filename="src\SpawnPoint.h" />
		<Unit filename="src\Wave.cpp" />
		<Unit filename="src\Zumbi.cpp" />
		<Unit filename="src\Zumbi.h" />
		<Unit filename="src\bibliotecas.h" />
		<Unit filename="src\cartucho.h" />
		<Unit filename="src\kamehameha.h" />
		<Unit filename="src\machineGun.h" />
		<Unit filename="src\main.cpp" />
		<Unit filename="src\municao.h" />
		<Unit filename="src\score.h" />
		<Unit filename="src\wave.h" />
		<Extensions>
			<code_completion />
			<debugger />
		</Extensions>
	</Project>
</CodeBlocks_project_file>
